
Microsoft Visual Studio Solution File, Format Version 12.00
Project("{FAE04EC0-301F-11D3-BF4B-00C04F79EFBC}") = "MoMo.Modules.Leads.Domain", "src\modules\leads\MoMo.Modules.Leads.Domain\MoMo.Modules.Leads.Domain.csproj", "{0BB8AD19-ED4D-4DB5-A9D2-5714EA5D89BF}"
EndProject
Project("{2150E333-8FDC-42A3-9474-1A3956D46DE8}") = "src", "src", "{934E4925-8821-4CFB-8B45-383A0E7396B1}"
EndProject
Project("{2150E333-8FDC-42A3-9474-1A3956D46DE8}") = "modules", "src/modules", "{5AD1AB64-E0D0-43C6-BB76-B2FE28C33031}"
EndProject
Project("{2150E333-8FDC-42A3-9474-1A3956D46DE8}") = "leads", "src/modules/leads", "{67573C85-6F94-4AD7-9F8A-89B6CADC4C76}"
EndProject
Project("{2150E333-8FDC-42A3-9474-1A3956D46DE8}") = "firms", "firms", "{9E73B7CB-F436-4AE9-A31D-EA7587578688}"
EndProject
Project("{FAE04EC0-301F-11D3-BF4B-00C04F79EFBC}") = "MoMo.Modules.Firms.Domain", "src\modules\firms\MoMo.Modules.Firms.Domain\MoMo.Modules.Firms.Domain.csproj", "{D5D41649-16A7-4F44-9005-0CE8591E94AD}"
EndProject
Project("{2150E333-8FDC-42A3-9474-1A3956D46DE8}") = "lead-distribution", "lead-distribution", "{86CC4DFA-3E9A-4BA4-BAC4-58CAF199FA0E}"
EndProject
Project("{FAE04EC0-301F-11D3-BF4B-00C04F79EFBC}") = "MoMo.Modules.LeadDistribution.Domain", "src\modules\lead-distribution\MoMo.Modules.LeadDistribution.Domain\MoMo.Modules.LeadDistribution.Domain.csproj", "{71AF6E7A-E3EC-4F47-8C7F-E40ECCC3A78A}"
EndProject
Project("{FAE04EC0-301F-11D3-BF4B-00C04F79EFBC}") = "MoMo.Modules.Firms.Application", "src\modules\firms\MoMo.Modules.Firms.Application\MoMo.Modules.Firms.Application.csproj", "{701B56C5-21EF-4867-816C-F781331F1638}"
EndProject
Project("{FAE04EC0-301F-11D3-BF4B-00C04F79EFBC}") = "MoMo.Modules.LeadDistribution.Application", "src\modules\lead-distribution\MoMo.Modules.LeadDistribution.Application\MoMo.Modules.LeadDistribution.Application.csproj", "{8155C67F-7DA5-408E-BF11-2823F4B6BF00}"
EndProject
Project("{2150E333-8FDC-42A3-9474-1A3956D46DE8}") = "building-blocks", "building-blocks", "{3547C7EC-1C7E-41BE-B78F-A6A08E2B6402}"
EndProject
Project("{FAE04EC0-301F-11D3-BF4B-00C04F79EFBC}") = "MoMo.BuildingBlocks.Application", "src\building-blocks\MoMo.BuildingBlocks.Application\MoMo.BuildingBlocks.Application.csproj", "{935A407A-97BA-4F56-84C6-96F8C0B8684A}"
EndProject
Project("{FAE04EC0-301F-11D3-BF4B-00C04F79EFBC}") = "MoMo.BuildingBlocks.Domain", "src\building-blocks\MoMo.BuildingBlocks.Domain\MoMo.BuildingBlocks.Domain.csproj", "{34180454-1C0D-4239-A6E7-EE343431FD3B}"
EndProject
Project("{2150E333-8FDC-42A3-9474-1A3956D46DE8}") = "test", "test", "{ED6D5355-8A73-49F6-AFE5-B02AB1A4E8EB}"
EndProject
Project("{2150E333-8FDC-42A3-9474-1A3956D46DE8}") = "modules", "modules", "{9F470EEE-20E4-47C3-B597-5B97C14F1869}"
EndProject
Project("{2150E333-8FDC-42A3-9474-1A3956D46DE8}") = "lead-distribution", "lead-distribution", "{D91CB901-76B8-41E4-AC22-FF13FB988B59}"
EndProject
Project("{FAE04EC0-301F-11D3-BF4B-00C04F79EFBC}") = "MoMo.Modules.LeadDistribution.Application.UnitTests", "test\modules\lead-distribution\MoMo.Modules.LeadDistribution.Application.UnitTests\MoMo.Modules.LeadDistribution.Application.UnitTests.csproj", "{B9FB87E0-866E-4101-BB0A-D72062DFAC88}"
EndProject
Project("{FAE04EC0-301F-11D3-BF4B-00C04F79EFBC}") = "MoMo.Modules.LeadDistribution.Builders", "test\modules\lead-distribution\MoMo.Modules.LeadDistribution.Builders\MoMo.Modules.LeadDistribution.Builders.csproj", "{86EAF634-B46D-4880-935E-49727666E32D}"
EndProject
Project("{FAE04EC0-301F-11D3-BF4B-00C04F79EFBC}") = "MoMo.Modules.Leads.Application", "src\modules\leads\MoMo.Modules.Leads.Application\MoMo.Modules.Leads.Application.csproj", "{9151F418-EBED-49E3-AB12-FDD4C9B92DC5}"
EndProject
Project("{2150E333-8FDC-42A3-9474-1A3956D46DE8}") = "leads", "leads", "{272057FE-B71C-474A-8B97-5A8ED1033347}"
EndProject
Project("{FAE04EC0-301F-11D3-BF4B-00C04F79EFBC}") = "MoMo.Modules.Leads.Application.UnitTests", "test\modules\leads\MoMo.Modules.Leads.Application.UnitTests\MoMo.Modules.Leads.Application.UnitTests.csproj", "{2A0E6520-114D-4811-8F40-6742A275ED04}"
EndProject
Project("{FAE04EC0-301F-11D3-BF4B-00C04F79EFBC}") = "MoMo.Modules.Firms.Integrations.Outbound.Notifications", "src\modules\firms\MoMo.Modules.Firms.Integrations.Outbound.Notifications\MoMo.Modules.Firms.Integrations.Outbound.Notifications.csproj", "{C897D50E-EBD2-4F70-89BD-57110B3E43AB}"
EndProject
Project("{FAE04EC0-301F-11D3-BF4B-00C04F79EFBC}") = "MoMo.Modules.Firms.Integrations.Outbound", "src\modules\firms\MoMo.Modules.Firms.Integrations.Outbound\MoMo.Modules.Firms.Integrations.Outbound.csproj", "{021EBE1A-3C31-4093-9F37-D5918C94E80E}"
EndProject
Project("{2150E333-8FDC-42A3-9474-1A3956D46DE8}") = "lead-importer", "lead-importer", "{670203C1-404E-4252-B2EC-97E3C79AD234}"
EndProject
Project("{FAE04EC0-301F-11D3-BF4B-00C04F79EFBC}") = "MoMo.Modules.LeadImporter.Application", "src\modules\lead-importer\MoMo.Modules.LeadImporter.Application\MoMo.Modules.LeadImporter.Application.csproj", "{3BFD8BAF-E2B5-4AF8-BD3F-4985537F60AB}"
EndProject
Project("{FAE04EC0-301F-11D3-BF4B-00C04F79EFBC}") = "MoMo.Modules.LeadImporter.Domain", "src\modules\lead-importer\MoMo.Modules.LeadImporter.Domain\MoMo.Modules.LeadImporter.Domain.csproj", "{C4AD4050-B954-42C9-8698-C9A5D38CCC91}"
EndProject
Project("{FAE04EC0-301F-11D3-BF4B-00C04F79EFBC}") = "MoMo.Modules.LeadImporter.Infrastructure", "src\modules\lead-importer\MoMo.Modules.LeadImporter.Infrastructure\MoMo.Modules.LeadImporter.Infrastructure.csproj", "{D49BB7AE-65FA-467C-8770-45B88F08E37B}"
EndProject
Project("{FAE04EC0-301F-11D3-BF4B-00C04F79EFBC}") = "MoMo.Api", "src\MoMo.Api\MoMo.Api.csproj", "{3DD4A910-00A1-43CB-BC9C-2A2DF99853BE}"
EndProject
Project("{FAE04EC0-301F-11D3-BF4B-00C04F79EFBC}") = "MoMo.Modules.Leads.Integrations.Inbound", "src\modules\leads\MoMo.Modules.Leads.Integrations.Inbound\MoMo.Modules.Leads.Integrations.Inbound.csproj", "{E5643C45-463D-41CF-B8F1-ED6E6161CF07}"
EndProject
Project("{FAE04EC0-301F-11D3-BF4B-00C04F79EFBC}") = "MoMo.Modules.Leads.Integrations.Inbound.Notifications", "src\modules\leads\MoMo.Modules.Leads.Integrations.Inbound.Notifications\MoMo.Modules.Leads.Integrations.Inbound.Notifications.csproj", "{545D86EA-CC8C-404B-B419-50354A334134}"
EndProject
Project("{2150E333-8FDC-42A3-9474-1A3956D46DE8}") = "lead-importer", "lead-importer", "{49CC30FD-AC01-4666-9D30-4EBFF1BCA107}"
EndProject
Project("{FAE04EC0-301F-11D3-BF4B-00C04F79EFBC}") = "MoMo.Modules.LeadImporter.IntegrationTests", "test\modules\lead-importer\MoMo.Modules.LeadImporter.IntegrationTests\MoMo.Modules.LeadImporter.IntegrationTests.csproj", "{C583B877-E829-4C86-BC46-12AAE126EBED}"
EndProject
Project("{FAE04EC0-301F-11D3-BF4B-00C04F79EFBC}") = "MoMo.Modules.Leads.Infrastructure", "src\modules\leads\MoMo.Modules.Leads.Infrastructure\MoMo.Modules.Leads.Infrastructure.csproj", "{AC19B7DE-99A4-4825-9B16-504C522B54FA}"
EndProject
Project("{FAE04EC0-301F-11D3-BF4B-00C04F79EFBC}") = "MoMo.Modules.LeadImporter.Application.UnitTests", "test\modules\lead-importer\MoMo.Modules.LeadImporter.Application.UnitTests\MoMo.Modules.LeadImporter.Application.UnitTests.csproj", "{CA351D38-DD70-478E-B8AB-82B9D814D5D8}"
EndProject
Global
	GlobalSection(SolutionConfigurationPlatforms) = preSolution
		Debug|Any CPU = Debug|Any CPU
		Release|Any CPU = Release|Any CPU
	EndGlobalSection
	GlobalSection(ProjectConfigurationPlatforms) = postSolution
		{0BB8AD19-ED4D-4DB5-A9D2-5714EA5D89BF}.Debug|Any CPU.ActiveCfg = Debug|Any CPU
		{0BB8AD19-ED4D-4DB5-A9D2-5714EA5D89BF}.Debug|Any CPU.Build.0 = Debug|Any CPU
		{0BB8AD19-ED4D-4DB5-A9D2-5714EA5D89BF}.Release|Any CPU.ActiveCfg = Release|Any CPU
		{0BB8AD19-ED4D-4DB5-A9D2-5714EA5D89BF}.Release|Any CPU.Build.0 = Release|Any CPU
		{D5D41649-16A7-4F44-9005-0CE8591E94AD}.Debug|Any CPU.ActiveCfg = Debug|Any CPU
		{D5D41649-16A7-4F44-9005-0CE8591E94AD}.Debug|Any CPU.Build.0 = Debug|Any CPU
		{D5D41649-16A7-4F44-9005-0CE8591E94AD}.Release|Any CPU.ActiveCfg = Release|Any CPU
		{D5D41649-16A7-4F44-9005-0CE8591E94AD}.Release|Any CPU.Build.0 = Release|Any CPU
		{71AF6E7A-E3EC-4F47-8C7F-E40ECCC3A78A}.Debug|Any CPU.ActiveCfg = Debug|Any CPU
		{71AF6E7A-E3EC-4F47-8C7F-E40ECCC3A78A}.Debug|Any CPU.Build.0 = Debug|Any CPU
		{71AF6E7A-E3EC-4F47-8C7F-E40ECCC3A78A}.Release|Any CPU.ActiveCfg = Release|Any CPU
		{71AF6E7A-E3EC-4F47-8C7F-E40ECCC3A78A}.Release|Any CPU.Build.0 = Release|Any CPU
		{701B56C5-21EF-4867-816C-F781331F1638}.Debug|Any CPU.ActiveCfg = Debug|Any CPU
		{701B56C5-21EF-4867-816C-F781331F1638}.Debug|Any CPU.Build.0 = Debug|Any CPU
		{701B56C5-21EF-4867-816C-F781331F1638}.Release|Any CPU.ActiveCfg = Release|Any CPU
		{701B56C5-21EF-4867-816C-F781331F1638}.Release|Any CPU.Build.0 = Release|Any CPU
		{8155C67F-7DA5-408E-BF11-2823F4B6BF00}.Debug|Any CPU.ActiveCfg = Debug|Any CPU
		{8155C67F-7DA5-408E-BF11-2823F4B6BF00}.Debug|Any CPU.Build.0 = Debug|Any CPU
		{8155C67F-7DA5-408E-BF11-2823F4B6BF00}.Release|Any CPU.ActiveCfg = Release|Any CPU
		{8155C67F-7DA5-408E-BF11-2823F4B6BF00}.Release|Any CPU.Build.0 = Release|Any CPU
		{935A407A-97BA-4F56-84C6-96F8C0B8684A}.Debug|Any CPU.ActiveCfg = Debug|Any CPU
		{935A407A-97BA-4F56-84C6-96F8C0B8684A}.Debug|Any CPU.Build.0 = Debug|Any CPU
		{935A407A-97BA-4F56-84C6-96F8C0B8684A}.Release|Any CPU.ActiveCfg = Release|Any CPU
		{935A407A-97BA-4F56-84C6-96F8C0B8684A}.Release|Any CPU.Build.0 = Release|Any CPU
		{34180454-1C0D-4239-A6E7-EE343431FD3B}.Debug|Any CPU.ActiveCfg = Debug|Any CPU
		{34180454-1C0D-4239-A6E7-EE343431FD3B}.Debug|Any CPU.Build.0 = Debug|Any CPU
		{34180454-1C0D-4239-A6E7-EE343431FD3B}.Release|Any CPU.ActiveCfg = Release|Any CPU
		{34180454-1C0D-4239-A6E7-EE343431FD3B}.Release|Any CPU.Build.0 = Release|Any CPU
		{B9FB87E0-866E-4101-BB0A-D72062DFAC88}.Debug|Any CPU.ActiveCfg = Debug|Any CPU
		{B9FB87E0-866E-4101-BB0A-D72062DFAC88}.Debug|Any CPU.Build.0 = Debug|Any CPU
		{B9FB87E0-866E-4101-BB0A-D72062DFAC88}.Release|Any CPU.ActiveCfg = Release|Any CPU
		{B9FB87E0-866E-4101-BB0A-D72062DFAC88}.Release|Any CPU.Build.0 = Release|Any CPU
		{86EAF634-B46D-4880-935E-49727666E32D}.Debug|Any CPU.ActiveCfg = Debug|Any CPU
		{86EAF634-B46D-4880-935E-49727666E32D}.Debug|Any CPU.Build.0 = Debug|Any CPU
		{86EAF634-B46D-4880-935E-49727666E32D}.Release|Any CPU.ActiveCfg = Release|Any CPU
		{86EAF634-B46D-4880-935E-49727666E32D}.Release|Any CPU.Build.0 = Release|Any CPU
		{9151F418-EBED-49E3-AB12-FDD4C9B92DC5}.Debug|Any CPU.ActiveCfg = Debug|Any CPU
		{9151F418-EBED-49E3-AB12-FDD4C9B92DC5}.Debug|Any CPU.Build.0 = Debug|Any CPU
		{9151F418-EBED-49E3-AB12-FDD4C9B92DC5}.Release|Any CPU.ActiveCfg = Release|Any CPU
		{9151F418-EBED-49E3-AB12-FDD4C9B92DC5}.Release|Any CPU.Build.0 = Release|Any CPU
		{2A0E6520-114D-4811-8F40-6742A275ED04}.Debug|Any CPU.ActiveCfg = Debug|Any CPU
		{2A0E6520-114D-4811-8F40-6742A275ED04}.Debug|Any CPU.Build.0 = Debug|Any CPU
		{2A0E6520-114D-4811-8F40-6742A275ED04}.Release|Any CPU.ActiveCfg = Release|Any CPU
		{2A0E6520-114D-4811-8F40-6742A275ED04}.Release|Any CPU.Build.0 = Release|Any CPU
		{C897D50E-EBD2-4F70-89BD-57110B3E43AB}.Debug|Any CPU.ActiveCfg = Debug|Any CPU
		{C897D50E-EBD2-4F70-89BD-57110B3E43AB}.Debug|Any CPU.Build.0 = Debug|Any CPU
		{C897D50E-EBD2-4F70-89BD-57110B3E43AB}.Release|Any CPU.ActiveCfg = Release|Any CPU
		{C897D50E-EBD2-4F70-89BD-57110B3E43AB}.Release|Any CPU.Build.0 = Release|Any CPU
		{021EBE1A-3C31-4093-9F37-D5918C94E80E}.Debug|Any CPU.ActiveCfg = Debug|Any CPU
		{021EBE1A-3C31-4093-9F37-D5918C94E80E}.Debug|Any CPU.Build.0 = Debug|Any CPU
		{021EBE1A-3C31-4093-9F37-D5918C94E80E}.Release|Any CPU.ActiveCfg = Release|Any CPU
		{021EBE1A-3C31-4093-9F37-D5918C94E80E}.Release|Any CPU.Build.0 = Release|Any CPU
		{3BFD8BAF-E2B5-4AF8-BD3F-4985537F60AB}.Debug|Any CPU.ActiveCfg = Debug|Any CPU
		{3BFD8BAF-E2B5-4AF8-BD3F-4985537F60AB}.Debug|Any CPU.Build.0 = Debug|Any CPU
		{3BFD8BAF-E2B5-4AF8-BD3F-4985537F60AB}.Release|Any CPU.ActiveCfg = Release|Any CPU
		{3BFD8BAF-E2B5-4AF8-BD3F-4985537F60AB}.Release|Any CPU.Build.0 = Release|Any CPU
		{C4AD4050-B954-42C9-8698-C9A5D38CCC91}.Debug|Any CPU.ActiveCfg = Debug|Any CPU
		{C4AD4050-B954-42C9-8698-C9A5D38CCC91}.Debug|Any CPU.Build.0 = Debug|Any CPU
		{C4AD4050-B954-42C9-8698-C9A5D38CCC91}.Release|Any CPU.ActiveCfg = Release|Any CPU
		{C4AD4050-B954-42C9-8698-C9A5D38CCC91}.Release|Any CPU.Build.0 = Release|Any CPU
		{D49BB7AE-65FA-467C-8770-45B88F08E37B}.Debug|Any CPU.ActiveCfg = Debug|Any CPU
		{D49BB7AE-65FA-467C-8770-45B88F08E37B}.Debug|Any CPU.Build.0 = Debug|Any CPU
		{D49BB7AE-65FA-467C-8770-45B88F08E37B}.Release|Any CPU.ActiveCfg = Release|Any CPU
		{D49BB7AE-65FA-467C-8770-45B88F08E37B}.Release|Any CPU.Build.0 = Release|Any CPU
		{3DD4A910-00A1-43CB-BC9C-2A2DF99853BE}.Debug|Any CPU.ActiveCfg = Debug|Any CPU
		{3DD4A910-00A1-43CB-BC9C-2A2DF99853BE}.Debug|Any CPU.Build.0 = Debug|Any CPU
		{3DD4A910-00A1-43CB-BC9C-2A2DF99853BE}.Release|Any CPU.ActiveCfg = Release|Any CPU
		{3DD4A910-00A1-43CB-BC9C-2A2DF99853BE}.Release|Any CPU.Build.0 = Release|Any CPU
		{E5643C45-463D-41CF-B8F1-ED6E6161CF07}.Debug|Any CPU.ActiveCfg = Debug|Any CPU
		{E5643C45-463D-41CF-B8F1-ED6E6161CF07}.Debug|Any CPU.Build.0 = Debug|Any CPU
		{E5643C45-463D-41CF-B8F1-ED6E6161CF07}.Release|Any CPU.ActiveCfg = Release|Any CPU
		{E5643C45-463D-41CF-B8F1-ED6E6161CF07}.Release|Any CPU.Build.0 = Release|Any CPU
		{545D86EA-CC8C-404B-B419-50354A334134}.Debug|Any CPU.ActiveCfg = Debug|Any CPU
		{545D86EA-CC8C-404B-B419-50354A334134}.Debug|Any CPU.Build.0 = Debug|Any CPU
		{545D86EA-CC8C-404B-B419-50354A334134}.Release|Any CPU.ActiveCfg = Release|Any CPU
		{545D86EA-CC8C-404B-B419-50354A334134}.Release|Any CPU.Build.0 = Release|Any CPU
		{C583B877-E829-4C86-BC46-12AAE126EBED}.Debug|Any CPU.ActiveCfg = Debug|Any CPU
		{C583B877-E829-4C86-BC46-12AAE126EBED}.Debug|Any CPU.Build.0 = Debug|Any CPU
		{C583B877-E829-4C86-BC46-12AAE126EBED}.Release|Any CPU.ActiveCfg = Release|Any CPU
		{C583B877-E829-4C86-BC46-12AAE126EBED}.Release|Any CPU.Build.0 = Release|Any CPU
		{AC19B7DE-99A4-4825-9B16-504C522B54FA}.Debug|Any CPU.ActiveCfg = Debug|Any CPU
		{AC19B7DE-99A4-4825-9B16-504C522B54FA}.Debug|Any CPU.Build.0 = Debug|Any CPU
		{AC19B7DE-99A4-4825-9B16-504C522B54FA}.Release|Any CPU.ActiveCfg = Release|Any CPU
		{AC19B7DE-99A4-4825-9B16-504C522B54FA}.Release|Any CPU.Build.0 = Release|Any CPU
		{CA351D38-DD70-478E-B8AB-82B9D814D5D8}.Debug|Any CPU.ActiveCfg = Debug|Any CPU
		{CA351D38-DD70-478E-B8AB-82B9D814D5D8}.Debug|Any CPU.Build.0 = Debug|Any CPU
		{CA351D38-DD70-478E-B8AB-82B9D814D5D8}.Release|Any CPU.ActiveCfg = Release|Any CPU
		{CA351D38-DD70-478E-B8AB-82B9D814D5D8}.Release|Any CPU.Build.0 = Release|Any CPU
	EndGlobalSection
	GlobalSection(NestedProjects) = preSolution
		{5AD1AB64-E0D0-43C6-BB76-B2FE28C33031} = {934E4925-8821-4CFB-8B45-383A0E7396B1}
		{67573C85-6F94-4AD7-9F8A-89B6CADC4C76} = {5AD1AB64-E0D0-43C6-BB76-B2FE28C33031}
		{0BB8AD19-ED4D-4DB5-A9D2-5714EA5D89BF} = {67573C85-6F94-4AD7-9F8A-89B6CADC4C76}
		{9E73B7CB-F436-4AE9-A31D-EA7587578688} = {5AD1AB64-E0D0-43C6-BB76-B2FE28C33031}
		{D5D41649-16A7-4F44-9005-0CE8591E94AD} = {9E73B7CB-F436-4AE9-A31D-EA7587578688}
		{86CC4DFA-3E9A-4BA4-BAC4-58CAF199FA0E} = {5AD1AB64-E0D0-43C6-BB76-B2FE28C33031}
		{71AF6E7A-E3EC-4F47-8C7F-E40ECCC3A78A} = {86CC4DFA-3E9A-4BA4-BAC4-58CAF199FA0E}
		{701B56C5-21EF-4867-816C-F781331F1638} = {9E73B7CB-F436-4AE9-A31D-EA7587578688}
		{8155C67F-7DA5-408E-BF11-2823F4B6BF00} = {86CC4DFA-3E9A-4BA4-BAC4-58CAF199FA0E}
		{3547C7EC-1C7E-41BE-B78F-A6A08E2B6402} = {934E4925-8821-4CFB-8B45-383A0E7396B1}
		{935A407A-97BA-4F56-84C6-96F8C0B8684A} = {3547C7EC-1C7E-41BE-B78F-A6A08E2B6402}
		{34180454-1C0D-4239-A6E7-EE343431FD3B} = {3547C7EC-1C7E-41BE-B78F-A6A08E2B6402}
		{9F470EEE-20E4-47C3-B597-5B97C14F1869} = {ED6D5355-8A73-49F6-AFE5-B02AB1A4E8EB}
		{D91CB901-76B8-41E4-AC22-FF13FB988B59} = {9F470EEE-20E4-47C3-B597-5B97C14F1869}
		{B9FB87E0-866E-4101-BB0A-D72062DFAC88} = {D91CB901-76B8-41E4-AC22-FF13FB988B59}
		{86EAF634-B46D-4880-935E-49727666E32D} = {D91CB901-76B8-41E4-AC22-FF13FB988B59}
		{9151F418-EBED-49E3-AB12-FDD4C9B92DC5} = {67573C85-6F94-4AD7-9F8A-89B6CADC4C76}
		{272057FE-B71C-474A-8B97-5A8ED1033347} = {9F470EEE-20E4-47C3-B597-5B97C14F1869}
		{2A0E6520-114D-4811-8F40-6742A275ED04} = {272057FE-B71C-474A-8B97-5A8ED1033347}
		{C897D50E-EBD2-4F70-89BD-57110B3E43AB} = {9E73B7CB-F436-4AE9-A31D-EA7587578688}
		{021EBE1A-3C31-4093-9F37-D5918C94E80E} = {9E73B7CB-F436-4AE9-A31D-EA7587578688}
		{670203C1-404E-4252-B2EC-97E3C79AD234} = {5AD1AB64-E0D0-43C6-BB76-B2FE28C33031}
		{3BFD8BAF-E2B5-4AF8-BD3F-4985537F60AB} = {670203C1-404E-4252-B2EC-97E3C79AD234}
		{C4AD4050-B954-42C9-8698-C9A5D38CCC91} = {670203C1-404E-4252-B2EC-97E3C79AD234}
		{D49BB7AE-65FA-467C-8770-45B88F08E37B} = {670203C1-404E-4252-B2EC-97E3C79AD234}
		{3DD4A910-00A1-43CB-BC9C-2A2DF99853BE} = {934E4925-8821-4CFB-8B45-383A0E7396B1}
		{E5643C45-463D-41CF-B8F1-ED6E6161CF07} = {67573C85-6F94-4AD7-9F8A-89B6CADC4C76}
		{545D86EA-CC8C-404B-B419-50354A334134} = {67573C85-6F94-4AD7-9F8A-89B6CADC4C76}
		{49CC30FD-AC01-4666-9D30-4EBFF1BCA107} = {9F470EEE-20E4-47C3-B597-5B97C14F1869}
		{C583B877-E829-4C86-BC46-12AAE126EBED} = {49CC30FD-AC01-4666-9D30-4EBFF1BCA107}
		{AC19B7DE-99A4-4825-9B16-504C522B54FA} = {67573C85-6F94-4AD7-9F8A-89B6CADC4C76}
		{CA351D38-DD70-478E-B8AB-82B9D814D5D8} = {49CC30FD-AC01-4666-9D30-4EBFF1BCA107}
	EndGlobalSection
EndGlobal
